{
  "version": 4,
  "terraform_version": "1.9.5",
  "serial": 46,
  "lineage": "7886dbdc-77c3-28de-a9d9-de0c8fa7e84c",
  "outputs": {},
  "resources": [
    {
      "mode": "data",
      "type": "local_file",
      "name": "ssh_public_key",
      "provider": "provider[\"registry.terraform.io/hashicorp/local\"]",
      "instances": [
        {
          "schema_version": 0,
          "attributes": {
            "content": "ssh-rsa AAAAB3NzaC1yc2EAAAADAQABAAACAQC8oFdVMXxYNOpns5DonpE82oZmIyzlIVaqvH4JCaa8WuEuAILiDLCcDLCslWkgA7zbshLY0bYb7yZzdW87E9NHBO+dmC+is2zw4YjWOAzffEdq2DE+waZSuCfp65qZR8US7AmK7jOG0Adtv0VGJrDUbkJniA/Rg8NrrKCbrJC5k28bnzNEpciK0C7Yvvuk6Y79e/62JB4WlMonffFtU8zSoQAoboNHnLAToYu+owczr5IQy/O568TrbARAqYYhhtm7f0TI4EsTKbm9VrCFesuF96L4qGY4NH8G/F8mHvlCmlnlB5UNG9djnhMUp2jjzxGRWT7GJ8WicoAv/tFVqg8LyQ5Sgu8hzdnDlJxne/TTK3UWW1xrrOs9d1tddJCCbNDo8ZOQAhie+huPJsAJXMmtbvW7fEeISWjVlOjAVqjzf7NW/Ls7lH3IEBF6ztJNbA0qhybJVnByEplEO7ZAU+FaNTHtUHzBQL75sSq+Yg6K3pwaDwlvQqFU9tpD7ve1wy9Z1a/4+gFs7DzVSulcrNopaCGKp8Ah+xcqn6s3JibD623d8jx0iPABw5K0fYBH4NrW2AweiUI6zkqs8RPI9KjP6osU8A3heSzpRCrc55gazsgcukupy2iTyxIdJt2sNHefTbBNbreo0y0vFZTESFPdm7S2GNLUrSFcdxZag68QqQ==\n",
            "content_base64": "c3NoLXJzYSBBQUFBQjNOemFDMXljMkVBQUFBREFRQUJBQUFDQVFDOG9GZFZNWHhZTk9wbnM1RG9ucEU4Mm9abUl5emxJVmFxdkg0SkNhYThXdUV1QUlMaURMQ2NETENzbFdrZ0E3emJzaExZMGJZYjd5WnpkVzg3RTlOSEJPK2RtQytpczJ6dzRZaldPQXpmZkVkcTJERSt3YVpTdUNmcDY1cVpSOFVTN0FtSzdqT0cwQWR0djBWR0pyRFVia0puaUEvUmc4TnJyS0NickpDNWsyOGJuek5FcGNpSzBDN1l2dnVrNlk3OWUvNjJKQjRXbE1vbmZmRnRVOHpTb1FBb2JvTkhuTEFUb1l1K293Y3pyNUlReS9PNTY4VHJiQVJBcVlZaGh0bTdmMFRJNEVzVEtibTlWckNGZXN1Rjk2TDRxR1k0Tkg4Ry9GOG1IdmxDbWxubEI1VU5HOWRqbmhNVXAyamp6eEdSV1Q3R0o4V2ljb0F2L3RGVnFnOEx5UTVTZ3U4aHpkbkRsSnhuZS9UVEszVVdXMXhyck9zOWQxdGRkSkNDYk5EbzhaT1FBaGllK2h1UEpzQUpYTW10YnZXN2ZFZUlTV2pWbE9qQVZxanpmN05XL0xzN2xIM0lFQkY2enRKTmJBMHFoeWJKVm5CeUVwbEVPN1pBVStGYU5USHRVSHpCUUw3NXNTcStZZzZLM3B3YUR3bHZRcUZVOXRwRDd2ZTF3eTlaMWEvNCtnRnM3RHpWU3VsY3JOb3BhQ0dLcDhBaCt4Y3FuNnMzSmliRDYyM2Q4angwaVBBQnc1SzBmWUJINE5yVzJBd2VpVUk2emtxczhSUEk5S2pQNm9zVThBM2hlU3pwUkNyYzU1Z2F6c2djdWt1cHkyaVR5eElkSnQyc05IZWZUYkJOYnJlbzB5MHZGWlRFU0ZQZG03UzJHTkxVclNGY2R4WmFnNjhRcVE9PQo=",
            "content_base64sha256": "ShWCLIh6uqiOQgXe8N7quam+dX1gF05ecwT5emEDIQA=",
            "content_base64sha512": "hg1cAsz2KyE9GZp0mBWNcmTWl40C7fK5Hlypd/QqRIxtoIUbHQT3uaxrxBRvFnx/KAEsCFEOcGiJMPSznlZdKQ==",
            "content_md5": "1d6128de760fcc9fc2b65188a30ae00b",
            "content_sha1": "104fb1da38b5b6c3ccacf8f1d7edaa816995c4fc",
            "content_sha256": "4a15822c887abaa88e4205def0deeab9a9be757d60174e5e7304f97a61032100",
            "content_sha512": "860d5c02ccf62b213d199a7498158d7264d6978d02edf2b91e5ca977f42a448c6da0851b1d04f7b9ac6bc4146f167c7f28012c08510e70688930f4b39e565d29",
            "filename": "./id_homelab.pub",
            "id": "104fb1da38b5b6c3ccacf8f1d7edaa816995c4fc"
          },
          "sensitive_attributes": []
        }
      ]
    },
    {
      "mode": "managed",
      "type": "proxmox_virtual_environment_download_file",
      "name": "ubuntu_noble_cloud_celeborn",
      "provider": "provider[\"registry.terraform.io/bpg/proxmox\"]",
      "instances": [
        {
          "schema_version": 0,
          "attributes": {
            "checksum": null,
            "checksum_algorithm": null,
            "content_type": "iso",
            "datastore_id": "local",
            "decompression_algorithm": null,
            "file_name": "noble-server-cloudimg-amd64.img",
            "id": "local:iso/noble-server-cloudimg-amd64.img",
            "node_name": "celeborn",
            "overwrite": true,
            "overwrite_unmanaged": false,
            "size": 586285056,
            "upload_timeout": 600,
            "url": "https://cloud-images.ubuntu.com/noble/current/noble-server-cloudimg-amd64.img",
            "verify": true
          },
          "sensitive_attributes": [],
          "private": "eyJvcmlnaW5hbF9zdGF0ZV9zaXplIjoiTlRnMk1qZzFNRFUyIiwidXJsX3NpemUiOiJOVGcyTWpnMU1EVTIifQ=="
        }
      ]
    },
    {
      "mode": "managed",
      "type": "proxmox_virtual_environment_download_file",
      "name": "ubuntu_noble_cloud_elrond",
      "provider": "provider[\"registry.terraform.io/bpg/proxmox\"]",
      "instances": [
        {
          "schema_version": 0,
          "attributes": {
            "checksum": null,
            "checksum_algorithm": null,
            "content_type": "iso",
            "datastore_id": "local",
            "decompression_algorithm": null,
            "file_name": "noble-server-cloudimg-amd64.img",
            "id": "local:iso/noble-server-cloudimg-amd64.img",
            "node_name": "elrond",
            "overwrite": true,
            "overwrite_unmanaged": false,
            "size": 586285056,
            "upload_timeout": 600,
            "url": "https://cloud-images.ubuntu.com/noble/current/noble-server-cloudimg-amd64.img",
            "verify": true
          },
          "sensitive_attributes": [],
          "private": "eyJvcmlnaW5hbF9zdGF0ZV9zaXplIjoiTlRnMk1qZzFNRFUyIiwidXJsX3NpemUiOiJOVGcyTWpnMU1EVTIifQ=="
        }
      ]
    },
    {
      "mode": "managed",
      "type": "proxmox_virtual_environment_download_file",
      "name": "ubuntu_noble_cloud_galadriel",
      "provider": "provider[\"registry.terraform.io/bpg/proxmox\"]",
      "instances": [
        {
          "schema_version": 0,
          "attributes": {
            "checksum": null,
            "checksum_algorithm": null,
            "content_type": "iso",
            "datastore_id": "local",
            "decompression_algorithm": null,
            "file_name": "noble-server-cloudimg-amd64.img",
            "id": "local:iso/noble-server-cloudimg-amd64.img",
            "node_name": "galadriel",
            "overwrite": true,
            "overwrite_unmanaged": false,
            "size": 586285056,
            "upload_timeout": 600,
            "url": "https://cloud-images.ubuntu.com/noble/current/noble-server-cloudimg-amd64.img",
            "verify": true
          },
          "sensitive_attributes": [],
          "private": "eyJvcmlnaW5hbF9zdGF0ZV9zaXplIjoiTlRnMk1qZzFNRFUyIiwidXJsX3NpemUiOiJOVGcyTWpnMU1EVTIifQ=="
        }
      ]
    },
    {
      "mode": "managed",
      "type": "proxmox_virtual_environment_vm",
      "name": "k3s_agent_01",
      "provider": "provider[\"registry.terraform.io/bpg/proxmox\"]",
      "instances": [
        {
          "schema_version": 0,
          "attributes": {
            "acpi": true,
            "agent": [],
            "audio_device": [],
            "bios": "seabios",
            "boot_order": null,
            "cdrom": [],
            "clone": [],
            "cpu": [],
            "description": "",
            "disk": [
              {
                "aio": "io_uring",
                "backup": true,
                "cache": "none",
                "datastore_id": "local-lvm",
                "discard": "on",
                "file_format": "raw",
                "file_id": "local:iso/noble-server-cloudimg-amd64.img",
                "interface": "virtio0",
                "iothread": true,
                "path_in_datastore": "vm-113-disk-0",
                "replicate": true,
                "serial": "",
                "size": 20,
                "speed": [],
                "ssd": false
              }
            ],
            "efi_disk": [],
            "hook_script_file_id": null,
            "hostpci": [],
            "id": "113",
            "initialization": [
              {
                "datastore_id": "local-lvm",
                "dns": [],
                "interface": "ide2",
                "ip_config": [
                  {
                    "ipv4": [
                      {
                        "address": "dhcp",
                        "gateway": ""
                      }
                    ],
                    "ipv6": []
                  }
                ],
                "meta_data_file_id": "",
                "network_data_file_id": "",
                "type": "",
                "upgrade": false,
                "user_account": [
                  {
                    "keys": [
                      "ssh-rsa AAAAB3NzaC1yc2EAAAADAQABAAACAQC8oFdVMXxYNOpns5DonpE82oZmIyzlIVaqvH4JCaa8WuEuAILiDLCcDLCslWkgA7zbshLY0bYb7yZzdW87E9NHBO+dmC+is2zw4YjWOAzffEdq2DE+waZSuCfp65qZR8US7AmK7jOG0Adtv0VGJrDUbkJniA/Rg8NrrKCbrJC5k28bnzNEpciK0C7Yvvuk6Y79e/62JB4WlMonffFtU8zSoQAoboNHnLAToYu+owczr5IQy/O568TrbARAqYYhhtm7f0TI4EsTKbm9VrCFesuF96L4qGY4NH8G/F8mHvlCmlnlB5UNG9djnhMUp2jjzxGRWT7GJ8WicoAv/tFVqg8LyQ5Sgu8hzdnDlJxne/TTK3UWW1xrrOs9d1tddJCCbNDo8ZOQAhie+huPJsAJXMmtbvW7fEeISWjVlOjAVqjzf7NW/Ls7lH3IEBF6ztJNbA0qhybJVnByEplEO7ZAU+FaNTHtUHzBQL75sSq+Yg6K3pwaDwlvQqFU9tpD7ve1wy9Z1a/4+gFs7DzVSulcrNopaCGKp8Ah+xcqn6s3JibD623d8jx0iPABw5K0fYBH4NrW2AweiUI6zkqs8RPI9KjP6osU8A3heSzpRCrc55gazsgcukupy2iTyxIdJt2sNHefTbBNbreo0y0vFZTESFPdm7S2GNLUrSFcdxZag68QqQ=="
                    ],
                    "password": "**********",
                    "username": "kerbo"
                  }
                ],
                "user_data_file_id": "",
                "vendor_data_file_id": ""
              }
            ],
            "ipv4_addresses": [],
            "ipv6_addresses": [],
            "keyboard_layout": "en-us",
            "kvm_arguments": "",
            "mac_addresses": [
              "BC:24:11:13:6D:89"
            ],
            "machine": "",
            "memory": [],
            "migrate": false,
            "name": "k3s-agent-01",
            "network_device": [
              {
                "bridge": "vmbr0",
                "disconnected": false,
                "enabled": true,
                "firewall": false,
                "mac_address": "BC:24:11:13:6D:89",
                "model": "virtio",
                "mtu": 0,
                "queues": 0,
                "rate_limit": 0,
                "trunks": "",
                "vlan_id": 0
              }
            ],
            "network_interface_names": [],
            "node_name": "celeborn",
            "numa": [],
            "on_boot": true,
            "operating_system": [],
            "pool_id": null,
            "protection": false,
            "reboot": false,
            "scsi_hardware": "virtio-scsi-pci",
            "serial_device": [],
            "smbios": [],
            "started": true,
            "startup": [],
            "stop_on_destroy": false,
            "tablet_device": true,
            "tags": [],
            "template": false,
            "timeout_clone": 1800,
            "timeout_create": 1800,
            "timeout_migrate": 1800,
            "timeout_move_disk": 1800,
            "timeout_reboot": 1800,
            "timeout_shutdown_vm": 1800,
            "timeout_start_vm": 1800,
            "timeout_stop_vm": 300,
            "tpm_state": [],
            "usb": [],
            "vga": [],
            "vm_id": 113
          },
          "sensitive_attributes": [
            [
              {
                "type": "get_attr",
                "value": "initialization"
              },
              {
                "type": "index",
                "value": {
                  "value": 0,
                  "type": "number"
                }
              },
              {
                "type": "get_attr",
                "value": "user_account"
              },
              {
                "type": "index",
                "value": {
                  "value": 0,
                  "type": "number"
                }
              },
              {
                "type": "get_attr",
                "value": "password"
              }
            ]
          ],
          "private": "bnVsbA==",
          "dependencies": [
            "data.local_file.ssh_public_key",
            "proxmox_virtual_environment_download_file.ubuntu_noble_cloud_celeborn"
          ]
        }
      ]
    },
    {
      "mode": "managed",
      "type": "proxmox_virtual_environment_vm",
      "name": "k3s_agent_02",
      "provider": "provider[\"registry.terraform.io/bpg/proxmox\"]",
      "instances": [
        {
          "schema_version": 0,
          "attributes": {
            "acpi": true,
            "agent": [],
            "audio_device": [],
            "bios": "seabios",
            "boot_order": null,
            "cdrom": [],
            "clone": [],
            "cpu": [],
            "description": "",
            "disk": [
              {
                "aio": "io_uring",
                "backup": true,
                "cache": "none",
                "datastore_id": "local-lvm",
                "discard": "on",
                "file_format": "raw",
                "file_id": "local:iso/noble-server-cloudimg-amd64.img",
                "interface": "virtio0",
                "iothread": true,
                "path_in_datastore": "vm-109-disk-0",
                "replicate": true,
                "serial": "",
                "size": 20,
                "speed": [],
                "ssd": false
              }
            ],
            "efi_disk": [],
            "hook_script_file_id": null,
            "hostpci": [],
            "id": "109",
            "initialization": [
              {
                "datastore_id": "local-lvm",
                "dns": [],
                "interface": "ide2",
                "ip_config": [
                  {
                    "ipv4": [
                      {
                        "address": "dhcp",
                        "gateway": ""
                      }
                    ],
                    "ipv6": []
                  }
                ],
                "meta_data_file_id": "",
                "network_data_file_id": "",
                "type": "",
                "upgrade": false,
                "user_account": [
                  {
                    "keys": [
                      "ssh-rsa AAAAB3NzaC1yc2EAAAADAQABAAACAQC8oFdVMXxYNOpns5DonpE82oZmIyzlIVaqvH4JCaa8WuEuAILiDLCcDLCslWkgA7zbshLY0bYb7yZzdW87E9NHBO+dmC+is2zw4YjWOAzffEdq2DE+waZSuCfp65qZR8US7AmK7jOG0Adtv0VGJrDUbkJniA/Rg8NrrKCbrJC5k28bnzNEpciK0C7Yvvuk6Y79e/62JB4WlMonffFtU8zSoQAoboNHnLAToYu+owczr5IQy/O568TrbARAqYYhhtm7f0TI4EsTKbm9VrCFesuF96L4qGY4NH8G/F8mHvlCmlnlB5UNG9djnhMUp2jjzxGRWT7GJ8WicoAv/tFVqg8LyQ5Sgu8hzdnDlJxne/TTK3UWW1xrrOs9d1tddJCCbNDo8ZOQAhie+huPJsAJXMmtbvW7fEeISWjVlOjAVqjzf7NW/Ls7lH3IEBF6ztJNbA0qhybJVnByEplEO7ZAU+FaNTHtUHzBQL75sSq+Yg6K3pwaDwlvQqFU9tpD7ve1wy9Z1a/4+gFs7DzVSulcrNopaCGKp8Ah+xcqn6s3JibD623d8jx0iPABw5K0fYBH4NrW2AweiUI6zkqs8RPI9KjP6osU8A3heSzpRCrc55gazsgcukupy2iTyxIdJt2sNHefTbBNbreo0y0vFZTESFPdm7S2GNLUrSFcdxZag68QqQ=="
                    ],
                    "password": "**********",
                    "username": "kerbo"
                  }
                ],
                "user_data_file_id": "",
                "vendor_data_file_id": ""
              }
            ],
            "ipv4_addresses": [],
            "ipv6_addresses": [],
            "keyboard_layout": "en-us",
            "kvm_arguments": "",
            "mac_addresses": [
              "BC:24:11:AD:8B:2F"
            ],
            "machine": "",
            "memory": [],
            "migrate": false,
            "name": "k3s-agent-02",
            "network_device": [
              {
                "bridge": "vmbr0",
                "disconnected": false,
                "enabled": true,
                "firewall": false,
                "mac_address": "BC:24:11:AD:8B:2F",
                "model": "virtio",
                "mtu": 0,
                "queues": 0,
                "rate_limit": 0,
                "trunks": "",
                "vlan_id": 0
              }
            ],
            "network_interface_names": [],
            "node_name": "elrond",
            "numa": [],
            "on_boot": true,
            "operating_system": [],
            "pool_id": null,
            "protection": false,
            "reboot": false,
            "scsi_hardware": "virtio-scsi-pci",
            "serial_device": [],
            "smbios": [],
            "started": true,
            "startup": [],
            "stop_on_destroy": false,
            "tablet_device": true,
            "tags": [],
            "template": false,
            "timeout_clone": 1800,
            "timeout_create": 1800,
            "timeout_migrate": 1800,
            "timeout_move_disk": 1800,
            "timeout_reboot": 1800,
            "timeout_shutdown_vm": 1800,
            "timeout_start_vm": 1800,
            "timeout_stop_vm": 300,
            "tpm_state": [],
            "usb": [],
            "vga": [],
            "vm_id": 109
          },
          "sensitive_attributes": [
            [
              {
                "type": "get_attr",
                "value": "initialization"
              },
              {
                "type": "index",
                "value": {
                  "value": 0,
                  "type": "number"
                }
              },
              {
                "type": "get_attr",
                "value": "user_account"
              },
              {
                "type": "index",
                "value": {
                  "value": 0,
                  "type": "number"
                }
              },
              {
                "type": "get_attr",
                "value": "password"
              }
            ]
          ],
          "private": "bnVsbA==",
          "dependencies": [
            "data.local_file.ssh_public_key",
            "proxmox_virtual_environment_download_file.ubuntu_noble_cloud_elrond"
          ]
        }
      ]
    },
    {
      "mode": "managed",
      "type": "proxmox_virtual_environment_vm",
      "name": "k3s_agent_03",
      "provider": "provider[\"registry.terraform.io/bpg/proxmox\"]",
      "instances": [
        {
          "schema_version": 0,
          "attributes": {
            "acpi": true,
            "agent": [],
            "audio_device": [],
            "bios": "seabios",
            "boot_order": null,
            "cdrom": [],
            "clone": [],
            "cpu": [],
            "description": "",
            "disk": [
              {
                "aio": "io_uring",
                "backup": true,
                "cache": "none",
                "datastore_id": "local-lvm",
                "discard": "on",
                "file_format": "raw",
                "file_id": "local:iso/noble-server-cloudimg-amd64.img",
                "interface": "virtio0",
                "iothread": true,
                "path_in_datastore": "vm-106-disk-0",
                "replicate": true,
                "serial": "",
                "size": 20,
                "speed": [],
                "ssd": false
              }
            ],
            "efi_disk": [],
            "hook_script_file_id": null,
            "hostpci": [],
            "id": "106",
            "initialization": [
              {
                "datastore_id": "local-lvm",
                "dns": [],
                "interface": "ide2",
                "ip_config": [
                  {
                    "ipv4": [
                      {
                        "address": "dhcp",
                        "gateway": ""
                      }
                    ],
                    "ipv6": []
                  }
                ],
                "meta_data_file_id": "",
                "network_data_file_id": "",
                "type": "",
                "upgrade": false,
                "user_account": [
                  {
                    "keys": [
                      "ssh-rsa AAAAB3NzaC1yc2EAAAADAQABAAACAQC8oFdVMXxYNOpns5DonpE82oZmIyzlIVaqvH4JCaa8WuEuAILiDLCcDLCslWkgA7zbshLY0bYb7yZzdW87E9NHBO+dmC+is2zw4YjWOAzffEdq2DE+waZSuCfp65qZR8US7AmK7jOG0Adtv0VGJrDUbkJniA/Rg8NrrKCbrJC5k28bnzNEpciK0C7Yvvuk6Y79e/62JB4WlMonffFtU8zSoQAoboNHnLAToYu+owczr5IQy/O568TrbARAqYYhhtm7f0TI4EsTKbm9VrCFesuF96L4qGY4NH8G/F8mHvlCmlnlB5UNG9djnhMUp2jjzxGRWT7GJ8WicoAv/tFVqg8LyQ5Sgu8hzdnDlJxne/TTK3UWW1xrrOs9d1tddJCCbNDo8ZOQAhie+huPJsAJXMmtbvW7fEeISWjVlOjAVqjzf7NW/Ls7lH3IEBF6ztJNbA0qhybJVnByEplEO7ZAU+FaNTHtUHzBQL75sSq+Yg6K3pwaDwlvQqFU9tpD7ve1wy9Z1a/4+gFs7DzVSulcrNopaCGKp8Ah+xcqn6s3JibD623d8jx0iPABw5K0fYBH4NrW2AweiUI6zkqs8RPI9KjP6osU8A3heSzpRCrc55gazsgcukupy2iTyxIdJt2sNHefTbBNbreo0y0vFZTESFPdm7S2GNLUrSFcdxZag68QqQ=="
                    ],
                    "password": "**********",
                    "username": "kerbo"
                  }
                ],
                "user_data_file_id": "",
                "vendor_data_file_id": ""
              }
            ],
            "ipv4_addresses": [],
            "ipv6_addresses": [],
            "keyboard_layout": "en-us",
            "kvm_arguments": "",
            "mac_addresses": [
              "BC:24:11:32:BD:5C"
            ],
            "machine": "",
            "memory": [],
            "migrate": false,
            "name": "k3s-agent-03",
            "network_device": [
              {
                "bridge": "vmbr0",
                "disconnected": false,
                "enabled": true,
                "firewall": false,
                "mac_address": "BC:24:11:32:BD:5C",
                "model": "virtio",
                "mtu": 0,
                "queues": 0,
                "rate_limit": 0,
                "trunks": "",
                "vlan_id": 0
              }
            ],
            "network_interface_names": [],
            "node_name": "galadriel",
            "numa": [],
            "on_boot": true,
            "operating_system": [],
            "pool_id": null,
            "protection": false,
            "reboot": false,
            "scsi_hardware": "virtio-scsi-pci",
            "serial_device": [],
            "smbios": [],
            "started": true,
            "startup": [],
            "stop_on_destroy": false,
            "tablet_device": true,
            "tags": [],
            "template": false,
            "timeout_clone": 1800,
            "timeout_create": 1800,
            "timeout_migrate": 1800,
            "timeout_move_disk": 1800,
            "timeout_reboot": 1800,
            "timeout_shutdown_vm": 1800,
            "timeout_start_vm": 1800,
            "timeout_stop_vm": 300,
            "tpm_state": [],
            "usb": [],
            "vga": [],
            "vm_id": 106
          },
          "sensitive_attributes": [
            [
              {
                "type": "get_attr",
                "value": "initialization"
              },
              {
                "type": "index",
                "value": {
                  "value": 0,
                  "type": "number"
                }
              },
              {
                "type": "get_attr",
                "value": "user_account"
              },
              {
                "type": "index",
                "value": {
                  "value": 0,
                  "type": "number"
                }
              },
              {
                "type": "get_attr",
                "value": "password"
              }
            ]
          ],
          "private": "bnVsbA==",
          "dependencies": [
            "data.local_file.ssh_public_key",
            "proxmox_virtual_environment_download_file.ubuntu_noble_cloud_galadriel"
          ]
        }
      ]
    },
    {
      "mode": "managed",
      "type": "proxmox_virtual_environment_vm",
      "name": "k3s_master_01",
      "provider": "provider[\"registry.terraform.io/bpg/proxmox\"]",
      "instances": [
        {
          "schema_version": 0,
          "attributes": {
            "acpi": true,
            "agent": [
              {
                "enabled": true,
                "timeout": "15m",
                "trim": false,
                "type": "virtio"
              }
            ],
            "audio_device": [],
            "bios": "seabios",
            "boot_order": null,
            "cdrom": [],
            "clone": [],
            "cpu": [],
            "description": "",
            "disk": [
              {
                "aio": "io_uring",
                "backup": true,
                "cache": "none",
                "datastore_id": "local-lvm",
                "discard": "on",
                "file_format": "raw",
                "file_id": "local:iso/noble-server-cloudimg-amd64.img",
                "interface": "virtio0",
                "iothread": true,
                "path_in_datastore": "vm-112-disk-0",
                "replicate": true,
                "serial": "",
                "size": 20,
                "speed": [],
                "ssd": false
              }
            ],
            "efi_disk": [],
            "hook_script_file_id": null,
            "hostpci": [],
            "id": "112",
            "initialization": [
              {
                "datastore_id": "local-lvm",
                "dns": [],
                "interface": "ide2",
                "ip_config": [
                  {
                    "ipv4": [
                      {
                        "address": "dhcp",
                        "gateway": ""
                      }
                    ],
                    "ipv6": []
                  }
                ],
                "meta_data_file_id": "",
                "network_data_file_id": "",
                "type": "",
                "upgrade": false,
                "user_account": [
                  {
                    "keys": [
                      "ssh-rsa AAAAB3NzaC1yc2EAAAADAQABAAACAQC8oFdVMXxYNOpns5DonpE82oZmIyzlIVaqvH4JCaa8WuEuAILiDLCcDLCslWkgA7zbshLY0bYb7yZzdW87E9NHBO+dmC+is2zw4YjWOAzffEdq2DE+waZSuCfp65qZR8US7AmK7jOG0Adtv0VGJrDUbkJniA/Rg8NrrKCbrJC5k28bnzNEpciK0C7Yvvuk6Y79e/62JB4WlMonffFtU8zSoQAoboNHnLAToYu+owczr5IQy/O568TrbARAqYYhhtm7f0TI4EsTKbm9VrCFesuF96L4qGY4NH8G/F8mHvlCmlnlB5UNG9djnhMUp2jjzxGRWT7GJ8WicoAv/tFVqg8LyQ5Sgu8hzdnDlJxne/TTK3UWW1xrrOs9d1tddJCCbNDo8ZOQAhie+huPJsAJXMmtbvW7fEeISWjVlOjAVqjzf7NW/Ls7lH3IEBF6ztJNbA0qhybJVnByEplEO7ZAU+FaNTHtUHzBQL75sSq+Yg6K3pwaDwlvQqFU9tpD7ve1wy9Z1a/4+gFs7DzVSulcrNopaCGKp8Ah+xcqn6s3JibD623d8jx0iPABw5K0fYBH4NrW2AweiUI6zkqs8RPI9KjP6osU8A3heSzpRCrc55gazsgcukupy2iTyxIdJt2sNHefTbBNbreo0y0vFZTESFPdm7S2GNLUrSFcdxZag68QqQ=="
                    ],
                    "password": "**********",
                    "username": "kerbo"
                  }
                ],
                "user_data_file_id": "",
                "vendor_data_file_id": ""
              }
            ],
            "ipv4_addresses": [],
            "ipv6_addresses": [],
            "keyboard_layout": "en-us",
            "kvm_arguments": "",
            "mac_addresses": [
              "BC:24:11:C2:D1:90"
            ],
            "machine": "",
            "memory": [],
            "migrate": false,
            "name": "k3s-master-01",
            "network_device": [
              {
                "bridge": "vmbr0",
                "disconnected": false,
                "enabled": true,
                "firewall": false,
                "mac_address": "BC:24:11:C2:D1:90",
                "model": "virtio",
                "mtu": 0,
                "queues": 0,
                "rate_limit": 0,
                "trunks": "",
                "vlan_id": 0
              }
            ],
            "network_interface_names": [],
            "node_name": "celeborn",
            "numa": [],
            "on_boot": true,
            "operating_system": [],
            "pool_id": null,
            "protection": false,
            "reboot": false,
            "scsi_hardware": "virtio-scsi-pci",
            "serial_device": [],
            "smbios": [],
            "started": false,
            "startup": [],
            "stop_on_destroy": false,
            "tablet_device": true,
            "tags": [],
            "template": false,
            "timeout_clone": 1800,
            "timeout_create": 1800,
            "timeout_migrate": 1800,
            "timeout_move_disk": 1800,
            "timeout_reboot": 1800,
            "timeout_shutdown_vm": 1800,
            "timeout_start_vm": 1800,
            "timeout_stop_vm": 300,
            "tpm_state": [],
            "usb": [],
            "vga": [],
            "vm_id": 112
          },
          "sensitive_attributes": [
            [
              {
                "type": "get_attr",
                "value": "initialization"
              },
              {
                "type": "index",
                "value": {
                  "value": 0,
                  "type": "number"
                }
              },
              {
                "type": "get_attr",
                "value": "user_account"
              },
              {
                "type": "index",
                "value": {
                  "value": 0,
                  "type": "number"
                }
              },
              {
                "type": "get_attr",
                "value": "password"
              }
            ]
          ],
          "private": "bnVsbA==",
          "dependencies": [
            "data.local_file.ssh_public_key",
            "proxmox_virtual_environment_download_file.ubuntu_noble_cloud_celeborn"
          ]
        }
      ]
    },
    {
      "mode": "managed",
      "type": "proxmox_virtual_environment_vm",
      "name": "k3s_master_02",
      "provider": "provider[\"registry.terraform.io/bpg/proxmox\"]",
      "instances": [
        {
          "schema_version": 0,
          "attributes": {
            "acpi": true,
            "agent": [],
            "audio_device": [],
            "bios": "seabios",
            "boot_order": null,
            "cdrom": [],
            "clone": [],
            "cpu": [],
            "description": "",
            "disk": [
              {
                "aio": "io_uring",
                "backup": true,
                "cache": "none",
                "datastore_id": "local-lvm",
                "discard": "on",
                "file_format": "raw",
                "file_id": "local:iso/noble-server-cloudimg-amd64.img",
                "interface": "virtio0",
                "iothread": true,
                "path_in_datastore": "vm-108-disk-0",
                "replicate": true,
                "serial": "",
                "size": 20,
                "speed": [],
                "ssd": false
              }
            ],
            "efi_disk": [],
            "hook_script_file_id": null,
            "hostpci": [],
            "id": "108",
            "initialization": [
              {
                "datastore_id": "local-lvm",
                "dns": [],
                "interface": "ide2",
                "ip_config": [
                  {
                    "ipv4": [
                      {
                        "address": "dhcp",
                        "gateway": ""
                      }
                    ],
                    "ipv6": []
                  }
                ],
                "meta_data_file_id": "",
                "network_data_file_id": "",
                "type": "",
                "upgrade": false,
                "user_account": [
                  {
                    "keys": [
                      "ssh-rsa AAAAB3NzaC1yc2EAAAADAQABAAACAQC8oFdVMXxYNOpns5DonpE82oZmIyzlIVaqvH4JCaa8WuEuAILiDLCcDLCslWkgA7zbshLY0bYb7yZzdW87E9NHBO+dmC+is2zw4YjWOAzffEdq2DE+waZSuCfp65qZR8US7AmK7jOG0Adtv0VGJrDUbkJniA/Rg8NrrKCbrJC5k28bnzNEpciK0C7Yvvuk6Y79e/62JB4WlMonffFtU8zSoQAoboNHnLAToYu+owczr5IQy/O568TrbARAqYYhhtm7f0TI4EsTKbm9VrCFesuF96L4qGY4NH8G/F8mHvlCmlnlB5UNG9djnhMUp2jjzxGRWT7GJ8WicoAv/tFVqg8LyQ5Sgu8hzdnDlJxne/TTK3UWW1xrrOs9d1tddJCCbNDo8ZOQAhie+huPJsAJXMmtbvW7fEeISWjVlOjAVqjzf7NW/Ls7lH3IEBF6ztJNbA0qhybJVnByEplEO7ZAU+FaNTHtUHzBQL75sSq+Yg6K3pwaDwlvQqFU9tpD7ve1wy9Z1a/4+gFs7DzVSulcrNopaCGKp8Ah+xcqn6s3JibD623d8jx0iPABw5K0fYBH4NrW2AweiUI6zkqs8RPI9KjP6osU8A3heSzpRCrc55gazsgcukupy2iTyxIdJt2sNHefTbBNbreo0y0vFZTESFPdm7S2GNLUrSFcdxZag68QqQ=="
                    ],
                    "password": "**********",
                    "username": "kerbo"
                  }
                ],
                "user_data_file_id": "",
                "vendor_data_file_id": ""
              }
            ],
            "ipv4_addresses": [],
            "ipv6_addresses": [],
            "keyboard_layout": "en-us",
            "kvm_arguments": "",
            "mac_addresses": [
              "BC:24:11:5E:9D:FD"
            ],
            "machine": "",
            "memory": [],
            "migrate": false,
            "name": "k3s-master-02",
            "network_device": [
              {
                "bridge": "vmbr0",
                "disconnected": false,
                "enabled": true,
                "firewall": false,
                "mac_address": "BC:24:11:5E:9D:FD",
                "model": "virtio",
                "mtu": 0,
                "queues": 0,
                "rate_limit": 0,
                "trunks": "",
                "vlan_id": 0
              }
            ],
            "network_interface_names": [],
            "node_name": "elrond",
            "numa": [],
            "on_boot": true,
            "operating_system": [],
            "pool_id": null,
            "protection": false,
            "reboot": false,
            "scsi_hardware": "virtio-scsi-pci",
            "serial_device": [],
            "smbios": [],
            "started": true,
            "startup": [],
            "stop_on_destroy": false,
            "tablet_device": true,
            "tags": [],
            "template": false,
            "timeout_clone": 1800,
            "timeout_create": 1800,
            "timeout_migrate": 1800,
            "timeout_move_disk": 1800,
            "timeout_reboot": 1800,
            "timeout_shutdown_vm": 1800,
            "timeout_start_vm": 1800,
            "timeout_stop_vm": 300,
            "tpm_state": [],
            "usb": [],
            "vga": [],
            "vm_id": 108
          },
          "sensitive_attributes": [
            [
              {
                "type": "get_attr",
                "value": "initialization"
              },
              {
                "type": "index",
                "value": {
                  "value": 0,
                  "type": "number"
                }
              },
              {
                "type": "get_attr",
                "value": "user_account"
              },
              {
                "type": "index",
                "value": {
                  "value": 0,
                  "type": "number"
                }
              },
              {
                "type": "get_attr",
                "value": "password"
              }
            ]
          ],
          "private": "bnVsbA==",
          "dependencies": [
            "data.local_file.ssh_public_key",
            "proxmox_virtual_environment_download_file.ubuntu_noble_cloud_elrond"
          ]
        }
      ]
    },
    {
      "mode": "managed",
      "type": "proxmox_virtual_environment_vm",
      "name": "k3s_master_03",
      "provider": "provider[\"registry.terraform.io/bpg/proxmox\"]",
      "instances": [
        {
          "schema_version": 0,
          "attributes": {
            "acpi": true,
            "agent": [],
            "audio_device": [],
            "bios": "seabios",
            "boot_order": null,
            "cdrom": [],
            "clone": [],
            "cpu": [],
            "description": "",
            "disk": [
              {
                "aio": "io_uring",
                "backup": true,
                "cache": "none",
                "datastore_id": "local-lvm",
                "discard": "on",
                "file_format": "raw",
                "file_id": "local:iso/noble-server-cloudimg-amd64.img",
                "interface": "virtio0",
                "iothread": true,
                "path_in_datastore": "vm-107-disk-0",
                "replicate": true,
                "serial": "",
                "size": 20,
                "speed": [],
                "ssd": false
              }
            ],
            "efi_disk": [],
            "hook_script_file_id": null,
            "hostpci": [],
            "id": "107",
            "initialization": [
              {
                "datastore_id": "local-lvm",
                "dns": [],
                "interface": "ide2",
                "ip_config": [
                  {
                    "ipv4": [
                      {
                        "address": "dhcp",
                        "gateway": ""
                      }
                    ],
                    "ipv6": []
                  }
                ],
                "meta_data_file_id": "",
                "network_data_file_id": "",
                "type": "",
                "upgrade": false,
                "user_account": [
                  {
                    "keys": [
                      "ssh-rsa AAAAB3NzaC1yc2EAAAADAQABAAACAQC8oFdVMXxYNOpns5DonpE82oZmIyzlIVaqvH4JCaa8WuEuAILiDLCcDLCslWkgA7zbshLY0bYb7yZzdW87E9NHBO+dmC+is2zw4YjWOAzffEdq2DE+waZSuCfp65qZR8US7AmK7jOG0Adtv0VGJrDUbkJniA/Rg8NrrKCbrJC5k28bnzNEpciK0C7Yvvuk6Y79e/62JB4WlMonffFtU8zSoQAoboNHnLAToYu+owczr5IQy/O568TrbARAqYYhhtm7f0TI4EsTKbm9VrCFesuF96L4qGY4NH8G/F8mHvlCmlnlB5UNG9djnhMUp2jjzxGRWT7GJ8WicoAv/tFVqg8LyQ5Sgu8hzdnDlJxne/TTK3UWW1xrrOs9d1tddJCCbNDo8ZOQAhie+huPJsAJXMmtbvW7fEeISWjVlOjAVqjzf7NW/Ls7lH3IEBF6ztJNbA0qhybJVnByEplEO7ZAU+FaNTHtUHzBQL75sSq+Yg6K3pwaDwlvQqFU9tpD7ve1wy9Z1a/4+gFs7DzVSulcrNopaCGKp8Ah+xcqn6s3JibD623d8jx0iPABw5K0fYBH4NrW2AweiUI6zkqs8RPI9KjP6osU8A3heSzpRCrc55gazsgcukupy2iTyxIdJt2sNHefTbBNbreo0y0vFZTESFPdm7S2GNLUrSFcdxZag68QqQ=="
                    ],
                    "password": "**********",
                    "username": "kerbo"
                  }
                ],
                "user_data_file_id": "",
                "vendor_data_file_id": ""
              }
            ],
            "ipv4_addresses": [],
            "ipv6_addresses": [],
            "keyboard_layout": "en-us",
            "kvm_arguments": "",
            "mac_addresses": [
              "BC:24:11:E7:1F:BF"
            ],
            "machine": "",
            "memory": [],
            "migrate": false,
            "name": "k3s-master-03",
            "network_device": [
              {
                "bridge": "vmbr0",
                "disconnected": false,
                "enabled": true,
                "firewall": false,
                "mac_address": "BC:24:11:E7:1F:BF",
                "model": "virtio",
                "mtu": 0,
                "queues": 0,
                "rate_limit": 0,
                "trunks": "",
                "vlan_id": 0
              }
            ],
            "network_interface_names": [],
            "node_name": "galadriel",
            "numa": [],
            "on_boot": true,
            "operating_system": [],
            "pool_id": null,
            "protection": false,
            "reboot": false,
            "scsi_hardware": "virtio-scsi-pci",
            "serial_device": [],
            "smbios": [],
            "started": true,
            "startup": [],
            "stop_on_destroy": false,
            "tablet_device": true,
            "tags": [],
            "template": false,
            "timeout_clone": 1800,
            "timeout_create": 1800,
            "timeout_migrate": 1800,
            "timeout_move_disk": 1800,
            "timeout_reboot": 1800,
            "timeout_shutdown_vm": 1800,
            "timeout_start_vm": 1800,
            "timeout_stop_vm": 300,
            "tpm_state": [],
            "usb": [],
            "vga": [],
            "vm_id": 107
          },
          "sensitive_attributes": [
            [
              {
                "type": "get_attr",
                "value": "initialization"
              },
              {
                "type": "index",
                "value": {
                  "value": 0,
                  "type": "number"
                }
              },
              {
                "type": "get_attr",
                "value": "user_account"
              },
              {
                "type": "index",
                "value": {
                  "value": 0,
                  "type": "number"
                }
              },
              {
                "type": "get_attr",
                "value": "password"
              }
            ]
          ],
          "private": "bnVsbA==",
          "dependencies": [
            "data.local_file.ssh_public_key",
            "proxmox_virtual_environment_download_file.ubuntu_noble_cloud_galadriel"
          ]
        }
      ]
    },
    {
      "mode": "managed",
      "type": "proxmox_virtual_environment_vm",
      "name": "k3s_nginx_lb",
      "provider": "provider[\"registry.terraform.io/bpg/proxmox\"]",
      "instances": [
        {
          "schema_version": 0,
          "attributes": {
            "acpi": true,
            "agent": [],
            "audio_device": [],
            "bios": "seabios",
            "boot_order": null,
            "cdrom": [],
            "clone": [],
            "cpu": [],
            "description": "",
            "disk": [
              {
                "aio": "io_uring",
                "backup": true,
                "cache": "none",
                "datastore_id": "local-lvm",
                "discard": "on",
                "file_format": "raw",
                "file_id": "local:iso/noble-server-cloudimg-amd64.img",
                "interface": "virtio0",
                "iothread": true,
                "path_in_datastore": "vm-110-disk-0",
                "replicate": true,
                "serial": "",
                "size": 20,
                "speed": [],
                "ssd": false
              }
            ],
            "efi_disk": [],
            "hook_script_file_id": null,
            "hostpci": [],
            "id": "110",
            "initialization": [
              {
                "datastore_id": "local-lvm",
                "dns": [],
                "interface": "ide2",
                "ip_config": [
                  {
                    "ipv4": [
                      {
                        "address": "dhcp",
                        "gateway": ""
                      }
                    ],
                    "ipv6": []
                  }
                ],
                "meta_data_file_id": "",
                "network_data_file_id": "",
                "type": "",
                "upgrade": false,
                "user_account": [
                  {
                    "keys": [
                      "ssh-rsa AAAAB3NzaC1yc2EAAAADAQABAAACAQC8oFdVMXxYNOpns5DonpE82oZmIyzlIVaqvH4JCaa8WuEuAILiDLCcDLCslWkgA7zbshLY0bYb7yZzdW87E9NHBO+dmC+is2zw4YjWOAzffEdq2DE+waZSuCfp65qZR8US7AmK7jOG0Adtv0VGJrDUbkJniA/Rg8NrrKCbrJC5k28bnzNEpciK0C7Yvvuk6Y79e/62JB4WlMonffFtU8zSoQAoboNHnLAToYu+owczr5IQy/O568TrbARAqYYhhtm7f0TI4EsTKbm9VrCFesuF96L4qGY4NH8G/F8mHvlCmlnlB5UNG9djnhMUp2jjzxGRWT7GJ8WicoAv/tFVqg8LyQ5Sgu8hzdnDlJxne/TTK3UWW1xrrOs9d1tddJCCbNDo8ZOQAhie+huPJsAJXMmtbvW7fEeISWjVlOjAVqjzf7NW/Ls7lH3IEBF6ztJNbA0qhybJVnByEplEO7ZAU+FaNTHtUHzBQL75sSq+Yg6K3pwaDwlvQqFU9tpD7ve1wy9Z1a/4+gFs7DzVSulcrNopaCGKp8Ah+xcqn6s3JibD623d8jx0iPABw5K0fYBH4NrW2AweiUI6zkqs8RPI9KjP6osU8A3heSzpRCrc55gazsgcukupy2iTyxIdJt2sNHefTbBNbreo0y0vFZTESFPdm7S2GNLUrSFcdxZag68QqQ=="
                    ],
                    "password": "**********",
                    "username": "kerbo"
                  }
                ],
                "user_data_file_id": "",
                "vendor_data_file_id": ""
              }
            ],
            "ipv4_addresses": [],
            "ipv6_addresses": [],
            "keyboard_layout": "en-us",
            "kvm_arguments": "",
            "mac_addresses": [
              "BC:24:11:5D:0D:29"
            ],
            "machine": "",
            "memory": [],
            "migrate": false,
            "name": "k3s-nginx-lb",
            "network_device": [
              {
                "bridge": "vmbr0",
                "disconnected": false,
                "enabled": true,
                "firewall": false,
                "mac_address": "BC:24:11:5D:0D:29",
                "model": "virtio",
                "mtu": 0,
                "queues": 0,
                "rate_limit": 0,
                "trunks": "",
                "vlan_id": 0
              }
            ],
            "network_interface_names": [],
            "node_name": "celeborn",
            "numa": [],
            "on_boot": true,
            "operating_system": [],
            "pool_id": null,
            "protection": false,
            "reboot": false,
            "scsi_hardware": "virtio-scsi-pci",
            "serial_device": [],
            "smbios": [],
            "started": true,
            "startup": [],
            "stop_on_destroy": false,
            "tablet_device": true,
            "tags": [],
            "template": false,
            "timeout_clone": 1800,
            "timeout_create": 1800,
            "timeout_migrate": 1800,
            "timeout_move_disk": 1800,
            "timeout_reboot": 1800,
            "timeout_shutdown_vm": 1800,
            "timeout_start_vm": 1800,
            "timeout_stop_vm": 300,
            "tpm_state": [],
            "usb": [],
            "vga": [],
            "vm_id": 110
          },
          "sensitive_attributes": [
            [
              {
                "type": "get_attr",
                "value": "initialization"
              },
              {
                "type": "index",
                "value": {
                  "value": 0,
                  "type": "number"
                }
              },
              {
                "type": "get_attr",
                "value": "user_account"
              },
              {
                "type": "index",
                "value": {
                  "value": 0,
                  "type": "number"
                }
              },
              {
                "type": "get_attr",
                "value": "password"
              }
            ]
          ],
          "private": "bnVsbA==",
          "dependencies": [
            "data.local_file.ssh_public_key",
            "proxmox_virtual_environment_download_file.ubuntu_noble_cloud_celeborn"
          ]
        }
      ]
    }
  ],
  "check_results": null
}
